
Microsoft Visual Studio Solution File, Format Version 12.00
# Visual Studio 14
VisualStudioVersion = 14.0.25420.1
MinimumVisualStudioVersion = 10.0.40219.1
Project("{202899A3-C531-4771-9089-0213D66978AE}") = "TwitterDataScope", "TwitterDataScope\TwitterDataScope.scopeproj", "{50E397C5-9A1D-4DF9-868B-AC0EA55799F2}"
EndProject
Project("{FAE04EC0-301F-11D3-BF4B-00C04F79EFBC}") = "DataHandlerApplication", "DataHandlerApplication\DataHandlerApplication.csproj", "{D172A3AB-CE6D-41C5-A0B4-2D8587A0D53E}"
EndProject
Project("{202899A3-C531-4771-9089-0213D66978AE}") = "BingClickDataScope", "BingClickDataScope\BingClickDataScope.scopeproj", "{F1E00545-F458-4F54-A0F6-22E6D822E273}"
EndProject
Global
	GlobalSection(SolutionConfigurationPlatforms) = preSolution
		Debug|Any CPU = Debug|Any CPU
		Debug|x64 = Debug|x64
		Debug|x86 = Debug|x86
		Release|Any CPU = Release|Any CPU
		Release|x64 = Release|x64
		Release|x86 = Release|x86
	EndGlobalSection
	GlobalSection(ProjectConfigurationPlatforms) = postSolution
		{50E397C5-9A1D-4DF9-868B-AC0EA55799F2}.Debug|Any CPU.ActiveCfg = Debug|Any CPU
		{50E397C5-9A1D-4DF9-868B-AC0EA55799F2}.Debug|Any CPU.Build.0 = Debug|Any CPU
		{50E397C5-9A1D-4DF9-868B-AC0EA55799F2}.Debug|x64.ActiveCfg = Debug|x64
		{50E397C5-9A1D-4DF9-868B-AC0EA55799F2}.Debug|x64.Build.0 = Debug|x64
		{50E397C5-9A1D-4DF9-868B-AC0EA55799F2}.Debug|x86.ActiveCfg = Debug|x86
		{50E397C5-9A1D-4DF9-868B-AC0EA55799F2}.Debug|x86.Build.0 = Debug|x86
		{50E397C5-9A1D-4DF9-868B-AC0EA55799F2}.Release|Any CPU.ActiveCfg = Release|Any CPU
		{50E397C5-9A1D-4DF9-868B-AC0EA55799F2}.Release|Any CPU.Build.0 = Release|Any CPU
		{50E397C5-9A1D-4DF9-868B-AC0EA55799F2}.Release|x64.ActiveCfg = Release|x64
		{50E397C5-9A1D-4DF9-868B-AC0EA55799F2}.Release|x64.Build.0 = Release|x64
		{50E397C5-9A1D-4DF9-868B-AC0EA55799F2}.Release|x86.ActiveCfg = Release|x86
		{50E397C5-9A1D-4DF9-868B-AC0EA55799F2}.Release|x86.Build.0 = Release|x86
		{D172A3AB-CE6D-41C5-A0B4-2D8587A0D53E}.Debug|Any CPU.ActiveCfg = Debug|Any CPU
		{D172A3AB-CE6D-41C5-A0B4-2D8587A0D53E}.Debug|Any CPU.Build.0 = Debug|Any CPU
		{D172A3AB-CE6D-41C5-A0B4-2D8587A0D53E}.Debug|x64.ActiveCfg = Debug|Any CPU
		{D172A3AB-CE6D-41C5-A0B4-2D8587A0D53E}.Debug|x64.Build.0 = Debug|Any CPU
		{D172A3AB-CE6D-41C5-A0B4-2D8587A0D53E}.Debug|x86.ActiveCfg = Debug|Any CPU
		{D172A3AB-CE6D-41C5-A0B4-2D8587A0D53E}.Debug|x86.Build.0 = Debug|Any CPU
		{D172A3AB-CE6D-41C5-A0B4-2D8587A0D53E}.Release|Any CPU.ActiveCfg = Release|Any CPU
		{D172A3AB-CE6D-41C5-A0B4-2D8587A0D53E}.Release|Any CPU.Build.0 = Release|Any CPU
		{D172A3AB-CE6D-41C5-A0B4-2D8587A0D53E}.Release|x64.ActiveCfg = Release|Any CPU
		{D172A3AB-CE6D-41C5-A0B4-2D8587A0D53E}.Release|x64.Build.0 = Release|Any CPU
		{D172A3AB-CE6D-41C5-A0B4-2D8587A0D53E}.Release|x86.ActiveCfg = Release|Any CPU
		{D172A3AB-CE6D-41C5-A0B4-2D8587A0D53E}.Release|x86.Build.0 = Release|Any CPU
		{F1E00545-F458-4F54-A0F6-22E6D822E273}.Debug|Any CPU.ActiveCfg = Debug|Any CPU
		{F1E00545-F458-4F54-A0F6-22E6D822E273}.Debug|Any CPU.Build.0 = Debug|Any CPU
		{F1E00545-F458-4F54-A0F6-22E6D822E273}.Debug|x64.ActiveCfg = Debug|x64
		{F1E00545-F458-4F54-A0F6-22E6D822E273}.Debug|x64.Build.0 = Debug|x64
		{F1E00545-F458-4F54-A0F6-22E6D822E273}.Debug|x86.ActiveCfg = Debug|x86
		{F1E00545-F458-4F54-A0F6-22E6D822E273}.Debug|x86.Build.0 = Debug|x86
		{F1E00545-F458-4F54-A0F6-22E6D822E273}.Release|Any CPU.ActiveCfg = Release|Any CPU
		{F1E00545-F458-4F54-A0F6-22E6D822E273}.Release|Any CPU.Build.0 = Release|Any CPU
		{F1E00545-F458-4F54-A0F6-22E6D822E273}.Release|x64.ActiveCfg = Release|x64
		{F1E00545-F458-4F54-A0F6-22E6D822E273}.Release|x64.Build.0 = Release|x64
		{F1E00545-F458-4F54-A0F6-22E6D822E273}.Release|x86.ActiveCfg = Release|x86
		{F1E00545-F458-4F54-A0F6-22E6D822E273}.Release|x86.Build.0 = Release|x86
	EndGlobalSection
	GlobalSection(SolutionProperties) = preSolution
		HideSolutionNode = FALSE
	EndGlobalSection
EndGlobal
